
Microsoft Visual Studio Solution File, Format Version 12.00
# Visual Studio 2012
Project("{FAE04EC0-301F-11D3-BF4B-00C04F79EFBC}") = "MelopsittacusUndulatus", "MelopsittacusUndulatus\MelopsittacusUndulatus.csproj", "{3C1FB785-FC3E-4907-8CEC-B503D8B350B3}"
EndProject
Project("{FAE04EC0-301F-11D3-BF4B-00C04F79EFBC}") = "MelopsittacusUndulatus.UITests", "MelopsittacusUndulatus.UITests\MelopsittacusUndulatus.UITests.csproj", "{B3F76F60-8666-42D7-8F0C-552BB218706A}"
EndProject
Global
	GlobalSection(SolutionConfigurationPlatforms) = preSolution
		Debug|Any CPU = Debug|Any CPU
		Release|Any CPU = Release|Any CPU
	EndGlobalSection
	GlobalSection(ProjectConfigurationPlatforms) = postSolution
		{3C1FB785-FC3E-4907-8CEC-B503D8B350B3}.Debug|Any CPU.ActiveCfg = Debug|Any CPU
		{3C1FB785-FC3E-4907-8CEC-B503D8B350B3}.Debug|Any CPU.Build.0 = Debug|Any CPU
		{3C1FB785-FC3E-4907-8CEC-B503D8B350B3}.Release|Any CPU.ActiveCfg = Release|Any CPU
		{3C1FB785-FC3E-4907-8CEC-B503D8B350B3}.Release|Any CPU.Build.0 = Release|Any CPU
		{B3F76F60-8666-42D7-8F0C-552BB218706A}.Debug|Any CPU.ActiveCfg = Debug|Any CPU
		{B3F76F60-8666-42D7-8F0C-552BB218706A}.Debug|Any CPU.Build.0 = Debug|Any CPU
		{B3F76F60-8666-42D7-8F0C-552BB218706A}.Release|Any CPU.ActiveCfg = Release|Any CPU
		{B3F76F60-8666-42D7-8F0C-552BB218706A}.Release|Any CPU.Build.0 = Release|Any CPU
	EndGlobalSection
EndGlobal
